// !$*UTF8*$!
{
	archiveVersion = 1;
	classes = {
	};
	objectVersion = 46;
	objects = {

/* Begin PBXBuildFile section */
		79140A11174B773B006B4C60 /* ButtonWallView.m in Sources */ = {isa = PBXBuildFile; fileRef = 79140A10174B773B006B4C60 /* ButtonWallView.m */; };
		79140A14174B7A91006B4C60 /* WallButton.m in Sources */ = {isa = PBXBuildFile; fileRef = 79140A13174B7A91006B4C60 /* WallButton.m */; };
		79140A17174B7DBC006B4C60 /* Category.plist in Resources */ = {isa = PBXBuildFile; fileRef = 79140A16174B7DBC006B4C60 /* Category.plist */; };
		794F0EC31744692700035EB5 /* UIKit.framework in Frameworks */ = {isa = PBXBuildFile; fileRef = 794F0EC21744692700035EB5 /* UIKit.framework */; };
		794F0EC51744692700035EB5 /* Foundation.framework in Frameworks */ = {isa = PBXBuildFile; fileRef = 794F0EC41744692700035EB5 /* Foundation.framework */; };
		794F0EC71744692700035EB5 /* CoreGraphics.framework in Frameworks */ = {isa = PBXBuildFile; fileRef = 794F0EC61744692700035EB5 /* CoreGraphics.framework */; };
		794F0ECD1744692700035EB5 /* InfoPlist.strings in Resources */ = {isa = PBXBuildFile; fileRef = 794F0ECB1744692700035EB5 /* InfoPlist.strings */; };
		794F0ECF1744692700035EB5 /* main.m in Sources */ = {isa = PBXBuildFile; fileRef = 794F0ECE1744692700035EB5 /* main.m */; };
		794F0ED31744692700035EB5 /* AppDelegate.m in Sources */ = {isa = PBXBuildFile; fileRef = 794F0ED21744692700035EB5 /* AppDelegate.m */; };
		794F0ED51744692700035EB5 /* Default.png in Resources */ = {isa = PBXBuildFile; fileRef = 794F0ED41744692700035EB5 /* Default.png */; };
		794F0ED71744692700035EB5 /* Default@2x.png in Resources */ = {isa = PBXBuildFile; fileRef = 794F0ED61744692700035EB5 /* Default@2x.png */; };
		794F0ED91744692700035EB5 /* Default-568h@2x.png in Resources */ = {isa = PBXBuildFile; fileRef = 794F0ED81744692700035EB5 /* Default-568h@2x.png */; };
		794F0F091744699100035EB5 /* libTOPIOSSdk.a in Frameworks */ = {isa = PBXBuildFile; fileRef = 794F0F051744699100035EB5 /* libTOPIOSSdk.a */; };
		794F0F0A1744699100035EB5 /* libTOPIOSSdk.s.a in Frameworks */ = {isa = PBXBuildFile; fileRef = 794F0F061744699100035EB5 /* libTOPIOSSdk.s.a */; };
		794F0F0B1744699100035EB5 /* barImg.bundle in Resources */ = {isa = PBXBuildFile; fileRef = 794F0F081744699100035EB5 /* barImg.bundle */; };
		794F0F0E17446A2000035EB5 /* libz.dylib in Frameworks */ = {isa = PBXBuildFile; fileRef = 794F0F0D17446A2000035EB5 /* libz.dylib */; };
		794F0F1017446A2600035EB5 /* SystemConfiguration.framework in Frameworks */ = {isa = PBXBuildFile; fileRef = 794F0F0F17446A2600035EB5 /* SystemConfiguration.framework */; };
		794F0F2117446A6F00035EB5 /* JSONKit.m in Sources */ = {isa = PBXBuildFile; fileRef = 794F0F1417446A6F00035EB5 /* JSONKit.m */; };
		794F0F2217446A6F00035EB5 /* NSObject+SBJSON.m in Sources */ = {isa = PBXBuildFile; fileRef = 794F0F1617446A6F00035EB5 /* NSObject+SBJSON.m */; };
		794F0F2317446A6F00035EB5 /* NSString+SBJSON.m in Sources */ = {isa = PBXBuildFile; fileRef = 794F0F1817446A6F00035EB5 /* NSString+SBJSON.m */; };
		794F0F2417446A6F00035EB5 /* SBJSON.m in Sources */ = {isa = PBXBuildFile; fileRef = 794F0F1A17446A6F00035EB5 /* SBJSON.m */; };
		794F0F2517446A6F00035EB5 /* SBJsonBase.m in Sources */ = {isa = PBXBuildFile; fileRef = 794F0F1C17446A6F00035EB5 /* SBJsonBase.m */; };
		794F0F2617446A6F00035EB5 /* SBJsonParser.m in Sources */ = {isa = PBXBuildFile; fileRef = 794F0F1E17446A6F00035EB5 /* SBJsonParser.m */; };
		794F0F2717446A6F00035EB5 /* SBJsonWriter.m in Sources */ = {isa = PBXBuildFile; fileRef = 794F0F2017446A6F00035EB5 /* SBJsonWriter.m */; };
		DD3440CA17489C02003076C9 /* MKAnnotationView+WebCache.m in Sources */ = {isa = PBXBuildFile; fileRef = DD3440B717489C02003076C9 /* MKAnnotationView+WebCache.m */; };
		DD3440CB17489C02003076C9 /* SDImageCache.m in Sources */ = {isa = PBXBuildFile; fileRef = DD3440B917489C02003076C9 /* SDImageCache.m */; };
		DD3440CC17489C02003076C9 /* SDWebImageDecoder.m in Sources */ = {isa = PBXBuildFile; fileRef = DD3440BD17489C02003076C9 /* SDWebImageDecoder.m */; };
		DD3440CD17489C02003076C9 /* SDWebImageDownloader.m in Sources */ = {isa = PBXBuildFile; fileRef = DD3440BF17489C02003076C9 /* SDWebImageDownloader.m */; };
		DD3440CE17489C02003076C9 /* SDWebImageManager.m in Sources */ = {isa = PBXBuildFile; fileRef = DD3440C217489C02003076C9 /* SDWebImageManager.m */; };
		DD3440CF17489C02003076C9 /* SDWebImagePrefetcher.m in Sources */ = {isa = PBXBuildFile; fileRef = DD3440C517489C02003076C9 /* SDWebImagePrefetcher.m */; };
		DD3440D017489C02003076C9 /* UIButton+WebCache.m in Sources */ = {isa = PBXBuildFile; fileRef = DD3440C717489C02003076C9 /* UIButton+WebCache.m */; };
		DD3440D117489C02003076C9 /* UIImageView+WebCache.m in Sources */ = {isa = PBXBuildFile; fileRef = DD3440C917489C02003076C9 /* UIImageView+WebCache.m */; };
		DD3440D417489C35003076C9 /* PhotoProgressView.m in Sources */ = {isa = PBXBuildFile; fileRef = DD3440D317489C35003076C9 /* PhotoProgressView.m */; };
		DD3440D617489C6A003076C9 /* ImageIO.framework in Frameworks */ = {isa = PBXBuildFile; fileRef = DD3440D517489C6A003076C9 /* ImageIO.framework */; };
		DD3440D817489C85003076C9 /* MapKit.framework in Frameworks */ = {isa = PBXBuildFile; fileRef = DD3440D717489C85003076C9 /* MapKit.framework */; };
		DD4AFA081747A5A400563D75 /* CategoryViewController.m in Sources */ = {isa = PBXBuildFile; fileRef = DD4AFA071747A5A400563D75 /* CategoryViewController.m */; };
		DD4AFA0B1747A5C100563D75 /* ToyViewController.m in Sources */ = {isa = PBXBuildFile; fileRef = DD4AFA0A1747A5C100563D75 /* ToyViewController.m */; };
		DD589D71174857F800A4ADFC /* ItemView.m in Sources */ = {isa = PBXBuildFile; fileRef = DD589D70174857F800A4ADFC /* ItemView.m */; };
		DD589D7717485DA500A4ADFC /* ItemContentView.m in Sources */ = {isa = PBXBuildFile; fileRef = DD589D7617485DA500A4ADFC /* ItemContentView.m */; };
		DD589D7A1748707800A4ADFC /* ItemCell.m in Sources */ = {isa = PBXBuildFile; fileRef = DD589D791748707800A4ADFC /* ItemCell.m */; };
		DDA83B93174527B200562EF1 /* SlideViewController.m in Sources */ = {isa = PBXBuildFile; fileRef = DDA83B92174527B200562EF1 /* SlideViewController.m */; };
		DDA83B961745337500562EF1 /* slide_top_shadow.png in Resources */ = {isa = PBXBuildFile; fileRef = DDA83B951745337500562EF1 /* slide_top_shadow.png */; };
		DDA83B9A174535C500562EF1 /* UIImage+Utils.m in Sources */ = {isa = PBXBuildFile; fileRef = DDA83B99174535C500562EF1 /* UIImage+Utils.m */; };
		DDE0517C174D08A2001B81B5 /* bg.png in Resources */ = {isa = PBXBuildFile; fileRef = DDE0517B174D08A2001B81B5 /* bg.png */; };
		DDE0517E174D0CB6001B81B5 /* bg_textrue.png in Resources */ = {isa = PBXBuildFile; fileRef = DDE0517D174D0CB6001B81B5 /* bg_textrue.png */; };
		DDE05180174D11E7001B81B5 /* bg_landscape.png in Resources */ = {isa = PBXBuildFile; fileRef = DDE0517F174D11E7001B81B5 /* bg_landscape.png */; };
/* End PBXBuildFile section */

/* Begin PBXFileReference section */
		79140A0F174B773B006B4C60 /* ButtonWallView.h */ = {isa = PBXFileReference; fileEncoding = 4; lastKnownFileType = sourcecode.c.h; path = ButtonWallView.h; sourceTree = "<group>"; };
		79140A10174B773B006B4C60 /* ButtonWallView.m */ = {isa = PBXFileReference; fileEncoding = 4; lastKnownFileType = sourcecode.c.objc; path = ButtonWallView.m; sourceTree = "<group>"; };
		79140A12174B7A91006B4C60 /* WallButton.h */ = {isa = PBXFileReference; fileEncoding = 4; lastKnownFileType = sourcecode.c.h; path = WallButton.h; sourceTree = "<group>"; };
		79140A13174B7A91006B4C60 /* WallButton.m */ = {isa = PBXFileReference; fileEncoding = 4; lastKnownFileType = sourcecode.c.objc; path = WallButton.m; sourceTree = "<group>"; };
		79140A16174B7DBC006B4C60 /* Category.plist */ = {isa = PBXFileReference; fileEncoding = 4; lastKnownFileType = text.plist.xml; path = Category.plist; sourceTree = "<group>"; };
		794F0EBF1744692700035EB5 /* ToyFinder.app */ = {isa = PBXFileReference; explicitFileType = wrapper.application; includeInIndex = 0; path = ToyFinder.app; sourceTree = BUILT_PRODUCTS_DIR; };
		794F0EC21744692700035EB5 /* UIKit.framework */ = {isa = PBXFileReference; lastKnownFileType = wrapper.framework; name = UIKit.framework; path = System/Library/Frameworks/UIKit.framework; sourceTree = SDKROOT; };
		794F0EC41744692700035EB5 /* Foundation.framework */ = {isa = PBXFileReference; lastKnownFileType = wrapper.framework; name = Foundation.framework; path = System/Library/Frameworks/Foundation.framework; sourceTree = SDKROOT; };
		794F0EC61744692700035EB5 /* CoreGraphics.framework */ = {isa = PBXFileReference; lastKnownFileType = wrapper.framework; name = CoreGraphics.framework; path = System/Library/Frameworks/CoreGraphics.framework; sourceTree = SDKROOT; };
		794F0ECA1744692700035EB5 /* ToyFinder-Info.plist */ = {isa = PBXFileReference; lastKnownFileType = text.plist.xml; path = "ToyFinder-Info.plist"; sourceTree = "<group>"; };
		794F0ECC1744692700035EB5 /* en */ = {isa = PBXFileReference; lastKnownFileType = text.plist.strings; name = en; path = en.lproj/InfoPlist.strings; sourceTree = "<group>"; };
		794F0ECE1744692700035EB5 /* main.m */ = {isa = PBXFileReference; lastKnownFileType = sourcecode.c.objc; path = main.m; sourceTree = "<group>"; };
		794F0ED01744692700035EB5 /* ToyFinder-Prefix.pch */ = {isa = PBXFileReference; lastKnownFileType = sourcecode.c.h; path = "ToyFinder-Prefix.pch"; sourceTree = "<group>"; };
		794F0ED11744692700035EB5 /* AppDelegate.h */ = {isa = PBXFileReference; lastKnownFileType = sourcecode.c.h; path = AppDelegate.h; sourceTree = "<group>"; };
		794F0ED21744692700035EB5 /* AppDelegate.m */ = {isa = PBXFileReference; lastKnownFileType = sourcecode.c.objc; path = AppDelegate.m; sourceTree = "<group>"; };
		794F0ED41744692700035EB5 /* Default.png */ = {isa = PBXFileReference; lastKnownFileType = image.png; path = Default.png; sourceTree = "<group>"; };
		794F0ED61744692700035EB5 /* Default@2x.png */ = {isa = PBXFileReference; lastKnownFileType = image.png; path = "Default@2x.png"; sourceTree = "<group>"; };
		794F0ED81744692700035EB5 /* Default-568h@2x.png */ = {isa = PBXFileReference; lastKnownFileType = image.png; path = "Default-568h@2x.png"; sourceTree = "<group>"; };
		794F0EE11744699100035EB5 /* DebuggingTools.h */ = {isa = PBXFileReference; fileEncoding = 4; lastKnownFileType = sourcecode.c.h; path = DebuggingTools.h; sourceTree = "<group>"; };
		794F0EE21744699100035EB5 /* JDY_ItemManagement.h */ = {isa = PBXFileReference; fileEncoding = 4; lastKnownFileType = sourcecode.c.h; path = JDY_ItemManagement.h; sourceTree = "<group>"; };
		794F0EE31744699100035EB5 /* JDY_MsgCenterManagement.h */ = {isa = PBXFileReference; fileEncoding = 4; lastKnownFileType = sourcecode.c.h; path = JDY_MsgCenterManagement.h; sourceTree = "<group>"; };
		794F0EE41744699100035EB5 /* JDY_PlugInEntry.h */ = {isa = PBXFileReference; fileEncoding = 4; lastKnownFileType = sourcecode.c.h; path = JDY_PlugInEntry.h; sourceTree = "<group>"; };
		794F0EE51744699100035EB5 /* JDY_Protocol.h */ = {isa = PBXFileReference; fileEncoding = 4; lastKnownFileType = sourcecode.c.h; path = JDY_Protocol.h; sourceTree = "<group>"; };
		794F0EE61744699100035EB5 /* JDY_ProtocolConstants.h */ = {isa = PBXFileReference; fileEncoding = 4; lastKnownFileType = sourcecode.c.h; path = JDY_ProtocolConstants.h; sourceTree = "<group>"; };
		794F0EE71744699100035EB5 /* JDY_TradeManagement.h */ = {isa = PBXFileReference; fileEncoding = 4; lastKnownFileType = sourcecode.c.h; path = JDY_TradeManagement.h; sourceTree = "<group>"; };
		794F0EE81744699100035EB5 /* JDY_WangWangCommunication.h */ = {isa = PBXFileReference; fileEncoding = 4; lastKnownFileType = sourcecode.c.h; path = JDY_WangWangCommunication.h; sourceTree = "<group>"; };
		794F0EE91744699100035EB5 /* JDYSharedService.h */ = {isa = PBXFileReference; fileEncoding = 4; lastKnownFileType = sourcecode.c.h; path = JDYSharedService.h; sourceTree = "<group>"; };
		794F0EEA1744699100035EB5 /* MacrosDefine.h */ = {isa = PBXFileReference; fileEncoding = 4; lastKnownFileType = sourcecode.c.h; path = MacrosDefine.h; sourceTree = "<group>"; };
		794F0EEB1744699100035EB5 /* TopApiResponse.h */ = {isa = PBXFileReference; fileEncoding = 4; lastKnownFileType = sourcecode.c.h; path = TopApiResponse.h; sourceTree = "<group>"; };
		794F0EEC1744699100035EB5 /* TopAppConnector.h */ = {isa = PBXFileReference; fileEncoding = 4; lastKnownFileType = sourcecode.c.h; path = TopAppConnector.h; sourceTree = "<group>"; };
		794F0EED1744699100035EB5 /* TopAppEntity.h */ = {isa = PBXFileReference; fileEncoding = 4; lastKnownFileType = sourcecode.c.h; path = TopAppEntity.h; sourceTree = "<group>"; };
		794F0EEE1744699100035EB5 /* TopAppEvent.h */ = {isa = PBXFileReference; fileEncoding = 4; lastKnownFileType = sourcecode.c.h; path = TopAppEvent.h; sourceTree = "<group>"; };
		794F0EEF1744699100035EB5 /* TopAppService.h */ = {isa = PBXFileReference; fileEncoding = 4; lastKnownFileType = sourcecode.c.h; path = TopAppService.h; sourceTree = "<group>"; };
		794F0EF01744699100035EB5 /* TopAppSession.h */ = {isa = PBXFileReference; fileEncoding = 4; lastKnownFileType = sourcecode.c.h; path = TopAppSession.h; sourceTree = "<group>"; };
		794F0EF11744699100035EB5 /* TopAttachment.h */ = {isa = PBXFileReference; fileEncoding = 4; lastKnownFileType = sourcecode.c.h; path = TopAttachment.h; sourceTree = "<group>"; };
		794F0EF21744699100035EB5 /* TopAuth.h */ = {isa = PBXFileReference; fileEncoding = 4; lastKnownFileType = sourcecode.c.h; path = TopAuth.h; sourceTree = "<group>"; };
		794F0EF31744699100035EB5 /* TopAuthCallback.h */ = {isa = PBXFileReference; fileEncoding = 4; lastKnownFileType = sourcecode.c.h; path = TopAuthCallback.h; sourceTree = "<group>"; };
		794F0EF41744699100035EB5 /* TopAuthWebView.h */ = {isa = PBXFileReference; fileEncoding = 4; lastKnownFileType = sourcecode.c.h; path = TopAuthWebView.h; sourceTree = "<group>"; };
		794F0EF51744699100035EB5 /* TopBridgeWebview.h */ = {isa = PBXFileReference; fileEncoding = 4; lastKnownFileType = sourcecode.c.h; path = TopBridgeWebview.h; sourceTree = "<group>"; };
		794F0EF61744699100035EB5 /* TopConstants.h */ = {isa = PBXFileReference; fileEncoding = 4; lastKnownFileType = sourcecode.c.h; path = TopConstants.h; sourceTree = "<group>"; };
		794F0EF71744699100035EB5 /* TopCrashHandler.h */ = {isa = PBXFileReference; fileEncoding = 4; lastKnownFileType = sourcecode.c.h; path = TopCrashHandler.h; sourceTree = "<group>"; };
		794F0EF81744699100035EB5 /* TopEventCallback.h */ = {isa = PBXFileReference; fileEncoding = 4; lastKnownFileType = sourcecode.c.h; path = TopEventCallback.h; sourceTree = "<group>"; };
		794F0EF91744699100035EB5 /* TopIOSClient.h */ = {isa = PBXFileReference; fileEncoding = 4; lastKnownFileType = sourcecode.c.h; path = TopIOSClient.h; sourceTree = "<group>"; };
		794F0EFA1744699100035EB5 /* TopIOSSdk.h */ = {isa = PBXFileReference; fileEncoding = 4; lastKnownFileType = sourcecode.c.h; path = TopIOSSdk.h; sourceTree = "<group>"; };
		794F0EFB1744699100035EB5 /* TopIOSSdkExt.h */ = {isa = PBXFileReference; fileEncoding = 4; lastKnownFileType = sourcecode.c.h; path = TopIOSSdkExt.h; sourceTree = "<group>"; };
		794F0EFC1744699100035EB5 /* TopIOSUtil.h */ = {isa = PBXFileReference; fileEncoding = 4; lastKnownFileType = sourcecode.c.h; path = TopIOSUtil.h; sourceTree = "<group>"; };
		794F0EFD1744699100035EB5 /* TopOpenUDID.h */ = {isa = PBXFileReference; fileEncoding = 4; lastKnownFileType = sourcecode.c.h; path = TopOpenUDID.h; sourceTree = "<group>"; };
		794F0EFE1744699100035EB5 /* TopPluginServiceType.h */ = {isa = PBXFileReference; fileEncoding = 4; lastKnownFileType = sourcecode.c.h; path = TopPluginServiceType.h; sourceTree = "<group>"; };
		794F0EFF1744699100035EB5 /* TopReachability.h */ = {isa = PBXFileReference; fileEncoding = 4; lastKnownFileType = sourcecode.c.h; path = TopReachability.h; sourceTree = "<group>"; };
		794F0F001744699100035EB5 /* TopSDKBundle.h */ = {isa = PBXFileReference; fileEncoding = 4; lastKnownFileType = sourcecode.c.h; path = TopSDKBundle.h; sourceTree = "<group>"; };
		794F0F011744699100035EB5 /* TopServiceError.h */ = {isa = PBXFileReference; fileEncoding = 4; lastKnownFileType = sourcecode.c.h; path = TopServiceError.h; sourceTree = "<group>"; };
		794F0F021744699100035EB5 /* TopSimpleCache.h */ = {isa = PBXFileReference; fileEncoding = 4; lastKnownFileType = sourcecode.c.h; path = TopSimpleCache.h; sourceTree = "<group>"; };
		794F0F031744699100035EB5 /* TopToolBar.h */ = {isa = PBXFileReference; fileEncoding = 4; lastKnownFileType = sourcecode.c.h; path = TopToolBar.h; sourceTree = "<group>"; };
		794F0F041744699100035EB5 /* TopTracker.h */ = {isa = PBXFileReference; fileEncoding = 4; lastKnownFileType = sourcecode.c.h; path = TopTracker.h; sourceTree = "<group>"; };
		794F0F051744699100035EB5 /* libTOPIOSSdk.a */ = {isa = PBXFileReference; lastKnownFileType = archive.ar; path = libTOPIOSSdk.a; sourceTree = "<group>"; };
		794F0F061744699100035EB5 /* libTOPIOSSdk.s.a */ = {isa = PBXFileReference; lastKnownFileType = archive.ar; path = libTOPIOSSdk.s.a; sourceTree = "<group>"; };
		794F0F081744699100035EB5 /* barImg.bundle */ = {isa = PBXFileReference; lastKnownFileType = "wrapper.plug-in"; path = barImg.bundle; sourceTree = "<group>"; };
		794F0F0C174469C700035EB5 /* Config.h */ = {isa = PBXFileReference; fileEncoding = 4; lastKnownFileType = sourcecode.c.h; path = Config.h; sourceTree = "<group>"; };
		794F0F0D17446A2000035EB5 /* libz.dylib */ = {isa = PBXFileReference; lastKnownFileType = "compiled.mach-o.dylib"; name = libz.dylib; path = usr/lib/libz.dylib; sourceTree = SDKROOT; };
		794F0F0F17446A2600035EB5 /* SystemConfiguration.framework */ = {isa = PBXFileReference; lastKnownFileType = wrapper.framework; name = SystemConfiguration.framework; path = System/Library/Frameworks/SystemConfiguration.framework; sourceTree = SDKROOT; };
		794F0F1217446A6F00035EB5 /* JSON.h */ = {isa = PBXFileReference; fileEncoding = 4; lastKnownFileType = sourcecode.c.h; path = JSON.h; sourceTree = "<group>"; };
		794F0F1317446A6F00035EB5 /* JSONKit.h */ = {isa = PBXFileReference; fileEncoding = 4; lastKnownFileType = sourcecode.c.h; path = JSONKit.h; sourceTree = "<group>"; };
		794F0F1417446A6F00035EB5 /* JSONKit.m */ = {isa = PBXFileReference; fileEncoding = 4; lastKnownFileType = sourcecode.c.objc; path = JSONKit.m; sourceTree = "<group>"; };
		794F0F1517446A6F00035EB5 /* NSObject+SBJSON.h */ = {isa = PBXFileReference; fileEncoding = 4; lastKnownFileType = sourcecode.c.h; path = "NSObject+SBJSON.h"; sourceTree = "<group>"; };
		794F0F1617446A6F00035EB5 /* NSObject+SBJSON.m */ = {isa = PBXFileReference; fileEncoding = 4; lastKnownFileType = sourcecode.c.objc; path = "NSObject+SBJSON.m"; sourceTree = "<group>"; };
		794F0F1717446A6F00035EB5 /* NSString+SBJSON.h */ = {isa = PBXFileReference; fileEncoding = 4; lastKnownFileType = sourcecode.c.h; path = "NSString+SBJSON.h"; sourceTree = "<group>"; };
		794F0F1817446A6F00035EB5 /* NSString+SBJSON.m */ = {isa = PBXFileReference; fileEncoding = 4; lastKnownFileType = sourcecode.c.objc; path = "NSString+SBJSON.m"; sourceTree = "<group>"; };
		794F0F1917446A6F00035EB5 /* SBJSON.h */ = {isa = PBXFileReference; fileEncoding = 4; lastKnownFileType = sourcecode.c.h; path = SBJSON.h; sourceTree = "<group>"; };
		794F0F1A17446A6F00035EB5 /* SBJSON.m */ = {isa = PBXFileReference; fileEncoding = 4; lastKnownFileType = sourcecode.c.objc; path = SBJSON.m; sourceTree = "<group>"; };
		794F0F1B17446A6F00035EB5 /* SBJsonBase.h */ = {isa = PBXFileReference; fileEncoding = 4; lastKnownFileType = sourcecode.c.h; path = SBJsonBase.h; sourceTree = "<group>"; };
		794F0F1C17446A6F00035EB5 /* SBJsonBase.m */ = {isa = PBXFileReference; fileEncoding = 4; lastKnownFileType = sourcecode.c.objc; path = SBJsonBase.m; sourceTree = "<group>"; };
		794F0F1D17446A6F00035EB5 /* SBJsonParser.h */ = {isa = PBXFileReference; fileEncoding = 4; lastKnownFileType = sourcecode.c.h; path = SBJsonParser.h; sourceTree = "<group>"; };
		794F0F1E17446A6F00035EB5 /* SBJsonParser.m */ = {isa = PBXFileReference; fileEncoding = 4; lastKnownFileType = sourcecode.c.objc; path = SBJsonParser.m; sourceTree = "<group>"; };
		794F0F1F17446A6F00035EB5 /* SBJsonWriter.h */ = {isa = PBXFileReference; fileEncoding = 4; lastKnownFileType = sourcecode.c.h; path = SBJsonWriter.h; sourceTree = "<group>"; };
		794F0F2017446A6F00035EB5 /* SBJsonWriter.m */ = {isa = PBXFileReference; fileEncoding = 4; lastKnownFileType = sourcecode.c.objc; path = SBJsonWriter.m; sourceTree = "<group>"; };
		DD3440B617489C02003076C9 /* MKAnnotationView+WebCache.h */ = {isa = PBXFileReference; fileEncoding = 4; lastKnownFileType = sourcecode.c.h; path = "MKAnnotationView+WebCache.h"; sourceTree = "<group>"; };
		DD3440B717489C02003076C9 /* MKAnnotationView+WebCache.m */ = {isa = PBXFileReference; fileEncoding = 4; lastKnownFileType = sourcecode.c.objc; path = "MKAnnotationView+WebCache.m"; sourceTree = "<group>"; };
		DD3440B817489C02003076C9 /* SDImageCache.h */ = {isa = PBXFileReference; fileEncoding = 4; lastKnownFileType = sourcecode.c.h; path = SDImageCache.h; sourceTree = "<group>"; };
		DD3440B917489C02003076C9 /* SDImageCache.m */ = {isa = PBXFileReference; fileEncoding = 4; lastKnownFileType = sourcecode.c.objc; path = SDImageCache.m; sourceTree = "<group>"; };
		DD3440BA17489C02003076C9 /* SDImageCacheDelegate.h */ = {isa = PBXFileReference; fileEncoding = 4; lastKnownFileType = sourcecode.c.h; path = SDImageCacheDelegate.h; sourceTree = "<group>"; };
		DD3440BB17489C02003076C9 /* SDWebImageCompat.h */ = {isa = PBXFileReference; fileEncoding = 4; lastKnownFileType = sourcecode.c.h; path = SDWebImageCompat.h; sourceTree = "<group>"; };
		DD3440BC17489C02003076C9 /* SDWebImageDecoder.h */ = {isa = PBXFileReference; fileEncoding = 4; lastKnownFileType = sourcecode.c.h; path = SDWebImageDecoder.h; sourceTree = "<group>"; };
		DD3440BD17489C02003076C9 /* SDWebImageDecoder.m */ = {isa = PBXFileReference; fileEncoding = 4; lastKnownFileType = sourcecode.c.objc; path = SDWebImageDecoder.m; sourceTree = "<group>"; };
		DD3440BE17489C02003076C9 /* SDWebImageDownloader.h */ = {isa = PBXFileReference; fileEncoding = 4; lastKnownFileType = sourcecode.c.h; path = SDWebImageDownloader.h; sourceTree = "<group>"; };
		DD3440BF17489C02003076C9 /* SDWebImageDownloader.m */ = {isa = PBXFileReference; fileEncoding = 4; lastKnownFileType = sourcecode.c.objc; path = SDWebImageDownloader.m; sourceTree = "<group>"; };
		DD3440C017489C02003076C9 /* SDWebImageDownloaderDelegate.h */ = {isa = PBXFileReference; fileEncoding = 4; lastKnownFileType = sourcecode.c.h; path = SDWebImageDownloaderDelegate.h; sourceTree = "<group>"; };
		DD3440C117489C02003076C9 /* SDWebImageManager.h */ = {isa = PBXFileReference; fileEncoding = 4; lastKnownFileType = sourcecode.c.h; path = SDWebImageManager.h; sourceTree = "<group>"; };
		DD3440C217489C02003076C9 /* SDWebImageManager.m */ = {isa = PBXFileReference; fileEncoding = 4; lastKnownFileType = sourcecode.c.objc; path = SDWebImageManager.m; sourceTree = "<group>"; };
		DD3440C317489C02003076C9 /* SDWebImageManagerDelegate.h */ = {isa = PBXFileReference; fileEncoding = 4; lastKnownFileType = sourcecode.c.h; path = SDWebImageManagerDelegate.h; sourceTree = "<group>"; };
		DD3440C417489C02003076C9 /* SDWebImagePrefetcher.h */ = {isa = PBXFileReference; fileEncoding = 4; lastKnownFileType = sourcecode.c.h; path = SDWebImagePrefetcher.h; sourceTree = "<group>"; };
		DD3440C517489C02003076C9 /* SDWebImagePrefetcher.m */ = {isa = PBXFileReference; fileEncoding = 4; lastKnownFileType = sourcecode.c.objc; path = SDWebImagePrefetcher.m; sourceTree = "<group>"; };
		DD3440C617489C02003076C9 /* UIButton+WebCache.h */ = {isa = PBXFileReference; fileEncoding = 4; lastKnownFileType = sourcecode.c.h; path = "UIButton+WebCache.h"; sourceTree = "<group>"; };
		DD3440C717489C02003076C9 /* UIButton+WebCache.m */ = {isa = PBXFileReference; fileEncoding = 4; lastKnownFileType = sourcecode.c.objc; path = "UIButton+WebCache.m"; sourceTree = "<group>"; };
		DD3440C817489C02003076C9 /* UIImageView+WebCache.h */ = {isa = PBXFileReference; fileEncoding = 4; lastKnownFileType = sourcecode.c.h; path = "UIImageView+WebCache.h"; sourceTree = "<group>"; };
		DD3440C917489C02003076C9 /* UIImageView+WebCache.m */ = {isa = PBXFileReference; fileEncoding = 4; lastKnownFileType = sourcecode.c.objc; path = "UIImageView+WebCache.m"; sourceTree = "<group>"; };
		DD3440D217489C35003076C9 /* PhotoProgressView.h */ = {isa = PBXFileReference; fileEncoding = 4; lastKnownFileType = sourcecode.c.h; path = PhotoProgressView.h; sourceTree = "<group>"; };
		DD3440D317489C35003076C9 /* PhotoProgressView.m */ = {isa = PBXFileReference; fileEncoding = 4; lastKnownFileType = sourcecode.c.objc; path = PhotoProgressView.m; sourceTree = "<group>"; };
		DD3440D517489C6A003076C9 /* ImageIO.framework */ = {isa = PBXFileReference; lastKnownFileType = wrapper.framework; name = ImageIO.framework; path = System/Library/Frameworks/ImageIO.framework; sourceTree = SDKROOT; };
		DD3440D717489C85003076C9 /* MapKit.framework */ = {isa = PBXFileReference; lastKnownFileType = wrapper.framework; name = MapKit.framework; path = System/Library/Frameworks/MapKit.framework; sourceTree = SDKROOT; };
		DD4AFA061747A5A400563D75 /* CategoryViewController.h */ = {isa = PBXFileReference; fileEncoding = 4; lastKnownFileType = sourcecode.c.h; path = CategoryViewController.h; sourceTree = "<group>"; };
		DD4AFA071747A5A400563D75 /* CategoryViewController.m */ = {isa = PBXFileReference; fileEncoding = 4; lastKnownFileType = sourcecode.c.objc; path = CategoryViewController.m; sourceTree = "<group>"; };
		DD4AFA091747A5C100563D75 /* ToyViewController.h */ = {isa = PBXFileReference; fileEncoding = 4; lastKnownFileType = sourcecode.c.h; path = ToyViewController.h; sourceTree = "<group>"; };
		DD4AFA0A1747A5C100563D75 /* ToyViewController.m */ = {isa = PBXFileReference; fileEncoding = 4; lastKnownFileType = sourcecode.c.objc; path = ToyViewController.m; sourceTree = "<group>"; };
		DD589D6F174857F800A4ADFC /* ItemView.h */ = {isa = PBXFileReference; fileEncoding = 4; lastKnownFileType = sourcecode.c.h; path = ItemView.h; sourceTree = "<group>"; };
		DD589D70174857F800A4ADFC /* ItemView.m */ = {isa = PBXFileReference; fileEncoding = 4; lastKnownFileType = sourcecode.c.objc; path = ItemView.m; sourceTree = "<group>"; };
		DD589D7517485DA500A4ADFC /* ItemContentView.h */ = {isa = PBXFileReference; fileEncoding = 4; lastKnownFileType = sourcecode.c.h; path = ItemContentView.h; sourceTree = "<group>"; };
		DD589D7617485DA500A4ADFC /* ItemContentView.m */ = {isa = PBXFileReference; fileEncoding = 4; lastKnownFileType = sourcecode.c.objc; path = ItemContentView.m; sourceTree = "<group>"; };
		DD589D781748707800A4ADFC /* ItemCell.h */ = {isa = PBXFileReference; fileEncoding = 4; lastKnownFileType = sourcecode.c.h; path = ItemCell.h; sourceTree = "<group>"; };
		DD589D791748707800A4ADFC /* ItemCell.m */ = {isa = PBXFileReference; fileEncoding = 4; lastKnownFileType = sourcecode.c.objc; path = ItemCell.m; sourceTree = "<group>"; };
		DDA83B91174527B200562EF1 /* SlideViewController.h */ = {isa = PBXFileReference; fileEncoding = 4; lastKnownFileType = sourcecode.c.h; path = SlideViewController.h; sourceTree = "<group>"; };
		DDA83B92174527B200562EF1 /* SlideViewController.m */ = {isa = PBXFileReference; fileEncoding = 4; lastKnownFileType = sourcecode.c.objc; path = SlideViewController.m; sourceTree = "<group>"; };
		DDA83B951745337500562EF1 /* slide_top_shadow.png */ = {isa = PBXFileReference; lastKnownFileType = image.png; path = slide_top_shadow.png; sourceTree = "<group>"; };
		DDA83B98174535C500562EF1 /* UIImage+Utils.h */ = {isa = PBXFileReference; fileEncoding = 4; lastKnownFileType = sourcecode.c.h; path = "UIImage+Utils.h"; sourceTree = "<group>"; };
		DDA83B99174535C500562EF1 /* UIImage+Utils.m */ = {isa = PBXFileReference; fileEncoding = 4; lastKnownFileType = sourcecode.c.objc; path = "UIImage+Utils.m"; sourceTree = "<group>"; };
		DDE0517B174D08A2001B81B5 /* bg.png */ = {isa = PBXFileReference; lastKnownFileType = image.png; path = bg.png; sourceTree = "<group>"; };
		DDE0517D174D0CB6001B81B5 /* bg_textrue.png */ = {isa = PBXFileReference; lastKnownFileType = image.png; path = bg_textrue.png; sourceTree = "<group>"; };
		DDE0517F174D11E7001B81B5 /* bg_landscape.png */ = {isa = PBXFileReference; lastKnownFileType = image.png; path = bg_landscape.png; sourceTree = "<group>"; };
/* End PBXFileReference section */

/* Begin PBXFrameworksBuildPhase section */
		794F0EBC1744692700035EB5 /* Frameworks */ = {
			isa = PBXFrameworksBuildPhase;
			buildActionMask = 2147483647;
			files = (
				DD3440D817489C85003076C9 /* MapKit.framework in Frameworks */,
				DD3440D617489C6A003076C9 /* ImageIO.framework in Frameworks */,
				794F0F1017446A2600035EB5 /* SystemConfiguration.framework in Frameworks */,
				794F0F0E17446A2000035EB5 /* libz.dylib in Frameworks */,
				794F0EC31744692700035EB5 /* UIKit.framework in Frameworks */,
				794F0EC51744692700035EB5 /* Foundation.framework in Frameworks */,
				794F0EC71744692700035EB5 /* CoreGraphics.framework in Frameworks */,
				794F0F091744699100035EB5 /* libTOPIOSSdk.a in Frameworks */,
				794F0F0A1744699100035EB5 /* libTOPIOSSdk.s.a in Frameworks */,
			);
			runOnlyForDeploymentPostprocessing = 0;
		};
/* End PBXFrameworksBuildPhase section */

/* Begin PBXGroup section */
		79140A15174B7DA3006B4C60 /* Data */ = {
			isa = PBXGroup;
			children = (
				79140A16174B7DBC006B4C60 /* Category.plist */,
			);
			path = Data;
			sourceTree = "<group>";
		};
		794F0EB61744692700035EB5 = {
			isa = PBXGroup;
			children = (
				794F0EC81744692700035EB5 /* ToyFinder */,
				794F0EC11744692700035EB5 /* Frameworks */,
				794F0EC01744692700035EB5 /* Products */,
			);
			sourceTree = "<group>";
		};
		794F0EC01744692700035EB5 /* Products */ = {
			isa = PBXGroup;
			children = (
				794F0EBF1744692700035EB5 /* ToyFinder.app */,
			);
			name = Products;
			sourceTree = "<group>";
		};
		794F0EC11744692700035EB5 /* Frameworks */ = {
			isa = PBXGroup;
			children = (
				794F0F0D17446A2000035EB5 /* libz.dylib */,
				DD3440D717489C85003076C9 /* MapKit.framework */,
				DD3440D517489C6A003076C9 /* ImageIO.framework */,
				794F0F0F17446A2600035EB5 /* SystemConfiguration.framework */,
				794F0EC21744692700035EB5 /* UIKit.framework */,
				794F0EC41744692700035EB5 /* Foundation.framework */,
				794F0EC61744692700035EB5 /* CoreGraphics.framework */,
			);
			name = Frameworks;
			sourceTree = "<group>";
		};
		794F0EC81744692700035EB5 /* ToyFinder */ = {
			isa = PBXGroup;
			children = (
				DD3440B517489C02003076C9 /* SDWebImage */,
				DDA83B97174535C500562EF1 /* Utilities */,
				794F0F1117446A6F00035EB5 /* JSON */,
				794F0EDF1744699100035EB5 /* AliSDK */,
				DDA83B8F1745275900562EF1 /* ViewControllers */,
				DDA83B901745275900562EF1 /* Views */,
				794F0ED11744692700035EB5 /* AppDelegate.h */,
				794F0ED21744692700035EB5 /* AppDelegate.m */,
				794F0F0C174469C700035EB5 /* Config.h */,
				794F0EC91744692700035EB5 /* Supporting Files */,
			);
			path = ToyFinder;
			sourceTree = "<group>";
		};
		794F0EC91744692700035EB5 /* Supporting Files */ = {
			isa = PBXGroup;
			children = (
				79140A15174B7DA3006B4C60 /* Data */,
				DDA83B941745335E00562EF1 /* Images */,
				794F0ECA1744692700035EB5 /* ToyFinder-Info.plist */,
				794F0ECB1744692700035EB5 /* InfoPlist.strings */,
				794F0ECE1744692700035EB5 /* main.m */,
				794F0ED01744692700035EB5 /* ToyFinder-Prefix.pch */,
				794F0ED41744692700035EB5 /* Default.png */,
				794F0ED61744692700035EB5 /* Default@2x.png */,
				794F0ED81744692700035EB5 /* Default-568h@2x.png */,
			);
			name = "Supporting Files";
			sourceTree = "<group>";
		};
		794F0EDF1744699100035EB5 /* AliSDK */ = {
			isa = PBXGroup;
			children = (
				794F0EE01744699100035EB5 /* Header */,
				794F0F051744699100035EB5 /* libTOPIOSSdk.a */,
				794F0F061744699100035EB5 /* libTOPIOSSdk.s.a */,
				794F0F071744699100035EB5 /* Resource */,
			);
			path = AliSDK;
			sourceTree = "<group>";
		};
		794F0EE01744699100035EB5 /* Header */ = {
			isa = PBXGroup;
			children = (
				794F0EE11744699100035EB5 /* DebuggingTools.h */,
				794F0EE21744699100035EB5 /* JDY_ItemManagement.h */,
				794F0EE31744699100035EB5 /* JDY_MsgCenterManagement.h */,
				794F0EE41744699100035EB5 /* JDY_PlugInEntry.h */,
				794F0EE51744699100035EB5 /* JDY_Protocol.h */,
				794F0EE61744699100035EB5 /* JDY_ProtocolConstants.h */,
				794F0EE71744699100035EB5 /* JDY_TradeManagement.h */,
				794F0EE81744699100035EB5 /* JDY_WangWangCommunication.h */,
				794F0EE91744699100035EB5 /* JDYSharedService.h */,
				794F0EEA1744699100035EB5 /* MacrosDefine.h */,
				794F0EEB1744699100035EB5 /* TopApiResponse.h */,
				794F0EEC1744699100035EB5 /* TopAppConnector.h */,
				794F0EED1744699100035EB5 /* TopAppEntity.h */,
				794F0EEE1744699100035EB5 /* TopAppEvent.h */,
				794F0EEF1744699100035EB5 /* TopAppService.h */,
				794F0EF01744699100035EB5 /* TopAppSession.h */,
				794F0EF11744699100035EB5 /* TopAttachment.h */,
				794F0EF21744699100035EB5 /* TopAuth.h */,
				794F0EF31744699100035EB5 /* TopAuthCallback.h */,
				794F0EF41744699100035EB5 /* TopAuthWebView.h */,
				794F0EF51744699100035EB5 /* TopBridgeWebview.h */,
				794F0EF61744699100035EB5 /* TopConstants.h */,
				794F0EF71744699100035EB5 /* TopCrashHandler.h */,
				794F0EF81744699100035EB5 /* TopEventCallback.h */,
				794F0EF91744699100035EB5 /* TopIOSClient.h */,
				794F0EFA1744699100035EB5 /* TopIOSSdk.h */,
				794F0EFB1744699100035EB5 /* TopIOSSdkExt.h */,
				794F0EFC1744699100035EB5 /* TopIOSUtil.h */,
				794F0EFD1744699100035EB5 /* TopOpenUDID.h */,
				794F0EFE1744699100035EB5 /* TopPluginServiceType.h */,
				794F0EFF1744699100035EB5 /* TopReachability.h */,
				794F0F001744699100035EB5 /* TopSDKBundle.h */,
				794F0F011744699100035EB5 /* TopServiceError.h */,
				794F0F021744699100035EB5 /* TopSimpleCache.h */,
				794F0F031744699100035EB5 /* TopToolBar.h */,
				794F0F041744699100035EB5 /* TopTracker.h */,
			);
			path = Header;
			sourceTree = "<group>";
		};
		794F0F071744699100035EB5 /* Resource */ = {
			isa = PBXGroup;
			children = (
				794F0F081744699100035EB5 /* barImg.bundle */,
			);
			path = Resource;
			sourceTree = "<group>";
		};
		794F0F1117446A6F00035EB5 /* JSON */ = {
			isa = PBXGroup;
			children = (
				794F0F1217446A6F00035EB5 /* JSON.h */,
				794F0F1317446A6F00035EB5 /* JSONKit.h */,
				794F0F1417446A6F00035EB5 /* JSONKit.m */,
				794F0F1517446A6F00035EB5 /* NSObject+SBJSON.h */,
				794F0F1617446A6F00035EB5 /* NSObject+SBJSON.m */,
				794F0F1717446A6F00035EB5 /* NSString+SBJSON.h */,
				794F0F1817446A6F00035EB5 /* NSString+SBJSON.m */,
				794F0F1917446A6F00035EB5 /* SBJSON.h */,
				794F0F1A17446A6F00035EB5 /* SBJSON.m */,
				794F0F1B17446A6F00035EB5 /* SBJsonBase.h */,
				794F0F1C17446A6F00035EB5 /* SBJsonBase.m */,
				794F0F1D17446A6F00035EB5 /* SBJsonParser.h */,
				794F0F1E17446A6F00035EB5 /* SBJsonParser.m */,
				794F0F1F17446A6F00035EB5 /* SBJsonWriter.h */,
				794F0F2017446A6F00035EB5 /* SBJsonWriter.m */,
			);
			path = JSON;
			sourceTree = "<group>";
		};
		DD3440B517489C02003076C9 /* SDWebImage */ = {
			isa = PBXGroup;
			children = (
				DD3440B617489C02003076C9 /* MKAnnotationView+WebCache.h */,
				DD3440B717489C02003076C9 /* MKAnnotationView+WebCache.m */,
				DD3440B817489C02003076C9 /* SDImageCache.h */,
				DD3440B917489C02003076C9 /* SDImageCache.m */,
				DD3440BA17489C02003076C9 /* SDImageCacheDelegate.h */,
				DD3440BB17489C02003076C9 /* SDWebImageCompat.h */,
				DD3440BC17489C02003076C9 /* SDWebImageDecoder.h */,
				DD3440BD17489C02003076C9 /* SDWebImageDecoder.m */,
				DD3440BE17489C02003076C9 /* SDWebImageDownloader.h */,
				DD3440BF17489C02003076C9 /* SDWebImageDownloader.m */,
				DD3440C017489C02003076C9 /* SDWebImageDownloaderDelegate.h */,
				DD3440C117489C02003076C9 /* SDWebImageManager.h */,
				DD3440C217489C02003076C9 /* SDWebImageManager.m */,
				DD3440C317489C02003076C9 /* SDWebImageManagerDelegate.h */,
				DD3440C417489C02003076C9 /* SDWebImagePrefetcher.h */,
				DD3440C517489C02003076C9 /* SDWebImagePrefetcher.m */,
				DD3440C617489C02003076C9 /* UIButton+WebCache.h */,
				DD3440C717489C02003076C9 /* UIButton+WebCache.m */,
				DD3440C817489C02003076C9 /* UIImageView+WebCache.h */,
				DD3440C917489C02003076C9 /* UIImageView+WebCache.m */,
			);
			path = SDWebImage;
			sourceTree = "<group>";
		};
		DDA83B8F1745275900562EF1 /* ViewControllers */ = {
			isa = PBXGroup;
			children = (
				DDA83B91174527B200562EF1 /* SlideViewController.h */,
				DDA83B92174527B200562EF1 /* SlideViewController.m */,
				DD4AFA061747A5A400563D75 /* CategoryViewController.h */,
				DD4AFA071747A5A400563D75 /* CategoryViewController.m */,
				DD4AFA091747A5C100563D75 /* ToyViewController.h */,
				DD4AFA0A1747A5C100563D75 /* ToyViewController.m */,
			);
			path = ViewControllers;
			sourceTree = "<group>";
		};
		DDA83B901745275900562EF1 /* Views */ = {
			isa = PBXGroup;
			children = (
				79140A12174B7A91006B4C60 /* WallButton.h */,
				79140A13174B7A91006B4C60 /* WallButton.m */,
				DD3440D217489C35003076C9 /* PhotoProgressView.h */,
				DD3440D317489C35003076C9 /* PhotoProgressView.m */,
				DD589D6F174857F800A4ADFC /* ItemView.h */,
				DD589D70174857F800A4ADFC /* ItemView.m */,
				DD589D781748707800A4ADFC /* ItemCell.h */,
				DD589D791748707800A4ADFC /* ItemCell.m */,
				DD589D7517485DA500A4ADFC /* ItemContentView.h */,
				DD589D7617485DA500A4ADFC /* ItemContentView.m */,
				79140A0F174B773B006B4C60 /* ButtonWallView.h */,
				79140A10174B773B006B4C60 /* ButtonWallView.m */,
			);
			path = Views;
			sourceTree = "<group>";
		};
		DDA83B941745335E00562EF1 /* Images */ = {
			isa = PBXGroup;
			children = (
				DDE0517F174D11E7001B81B5 /* bg_landscape.png */,
				DDE0517D174D0CB6001B81B5 /* bg_textrue.png */,
				DDE0517B174D08A2001B81B5 /* bg.png */,
				DDA83B951745337500562EF1 /* slide_top_shadow.png */,
			);
			path = Images;
			sourceTree = "<group>";
		};
		DDA83B97174535C500562EF1 /* Utilities */ = {
			isa = PBXGroup;
			children = (
				DDA83B98174535C500562EF1 /* UIImage+Utils.h */,
				DDA83B99174535C500562EF1 /* UIImage+Utils.m */,
			);
			path = Utilities;
			sourceTree = "<group>";
		};
/* End PBXGroup section */

/* Begin PBXNativeTarget section */
		794F0EBE1744692700035EB5 /* ToyFinder */ = {
			isa = PBXNativeTarget;
			buildConfigurationList = 794F0EDC1744692700035EB5 /* Build configuration list for PBXNativeTarget "ToyFinder" */;
			buildPhases = (
				794F0EBB1744692700035EB5 /* Sources */,
				794F0EBC1744692700035EB5 /* Frameworks */,
				794F0EBD1744692700035EB5 /* Resources */,
			);
			buildRules = (
			);
			dependencies = (
			);
			name = ToyFinder;
			productName = ToyFinder;
			productReference = 794F0EBF1744692700035EB5 /* ToyFinder.app */;
			productType = "com.apple.product-type.application";
		};
/* End PBXNativeTarget section */

/* Begin PBXProject section */
		794F0EB71744692700035EB5 /* Project object */ = {
			isa = PBXProject;
			attributes = {
				LastUpgradeCheck = 0460;
				ORGANIZATIONNAME = Dawn;
			};
			buildConfigurationList = 794F0EBA1744692700035EB5 /* Build configuration list for PBXProject "ToyFinder" */;
			compatibilityVersion = "Xcode 3.2";
			developmentRegion = English;
			hasScannedForEncodings = 0;
			knownRegions = (
				en,
			);
			mainGroup = 794F0EB61744692700035EB5;
			productRefGroup = 794F0EC01744692700035EB5 /* Products */;
			projectDirPath = "";
			projectRoot = "";
			targets = (
				794F0EBE1744692700035EB5 /* ToyFinder */,
			);
		};
/* End PBXProject section */

/* Begin PBXResourcesBuildPhase section */
		794F0EBD1744692700035EB5 /* Resources */ = {
			isa = PBXResourcesBuildPhase;
			buildActionMask = 2147483647;
			files = (
				794F0ECD1744692700035EB5 /* InfoPlist.strings in Resources */,
				794F0ED51744692700035EB5 /* Default.png in Resources */,
				794F0ED71744692700035EB5 /* Default@2x.png in Resources */,
				794F0ED91744692700035EB5 /* Default-568h@2x.png in Resources */,
				794F0F0B1744699100035EB5 /* barImg.bundle in Resources */,
				DDA83B961745337500562EF1 /* slide_top_shadow.png in Resources */,
				79140A17174B7DBC006B4C60 /* Category.plist in Resources */,
				DDE0517C174D08A2001B81B5 /* bg.png in Resources */,
				DDE0517E174D0CB6001B81B5 /* bg_textrue.png in Resources */,
				DDE05180174D11E7001B81B5 /* bg_landscape.png in Resources */,
			);
			runOnlyForDeploymentPostprocessing = 0;
		};
/* End PBXResourcesBuildPhase section */

/* Begin PBXSourcesBuildPhase section */
		794F0EBB1744692700035EB5 /* Sources */ = {
			isa = PBXSourcesBuildPhase;
			buildActionMask = 2147483647;
			files = (
				794F0ECF1744692700035EB5 /* main.m in Sources */,
				794F0ED31744692700035EB5 /* AppDelegate.m in Sources */,
				794F0F2117446A6F00035EB5 /* JSONKit.m in Sources */,
				794F0F2217446A6F00035EB5 /* NSObject+SBJSON.m in Sources */,
				794F0F2317446A6F00035EB5 /* NSString+SBJSON.m in Sources */,
				794F0F2417446A6F00035EB5 /* SBJSON.m in Sources */,
				794F0F2517446A6F00035EB5 /* SBJsonBase.m in Sources */,
				794F0F2617446A6F00035EB5 /* SBJsonParser.m in Sources */,
				794F0F2717446A6F00035EB5 /* SBJsonWriter.m in Sources */,
				DDA83B93174527B200562EF1 /* SlideViewController.m in Sources */,
				DDA83B9A174535C500562EF1 /* UIImage+Utils.m in Sources */,
				DD4AFA081747A5A400563D75 /* CategoryViewController.m in Sources */,
				DD4AFA0B1747A5C100563D75 /* ToyViewController.m in Sources */,
				DD589D71174857F800A4ADFC /* ItemView.m in Sources */,
				DD589D7717485DA500A4ADFC /* ItemContentView.m in Sources */,
				DD589D7A1748707800A4ADFC /* ItemCell.m in Sources */,
				DD3440CA17489C02003076C9 /* MKAnnotationView+WebCache.m in Sources */,
				DD3440CB17489C02003076C9 /* SDImageCache.m in Sources */,
				DD3440CC17489C02003076C9 /* SDWebImageDecoder.m in Sources */,
				DD3440CD17489C02003076C9 /* SDWebImageDownloader.m in Sources */,
				DD3440CE17489C02003076C9 /* SDWebImageManager.m in Sources */,
				DD3440CF17489C02003076C9 /* SDWebImagePrefetcher.m in Sources */,
				DD3440D017489C02003076C9 /* UIButton+WebCache.m in Sources */,
				DD3440D117489C02003076C9 /* UIImageView+WebCache.m in Sources */,
				DD3440D417489C35003076C9 /* PhotoProgressView.m in Sources */,
				79140A11174B773B006B4C60 /* ButtonWallView.m in Sources */,
				79140A14174B7A91006B4C60 /* WallButton.m in Sources */,
			);
			runOnlyForDeploymentPostprocessing = 0;
		};
/* End PBXSourcesBuildPhase section */

/* Begin PBXVariantGroup section */
		794F0ECB1744692700035EB5 /* InfoPlist.strings */ = {
			isa = PBXVariantGroup;
			children = (
				794F0ECC1744692700035EB5 /* en */,
			);
			name = InfoPlist.strings;
			sourceTree = "<group>";
		};
/* End PBXVariantGroup section */

/* Begin XCBuildConfiguration section */
		794F0EDA1744692700035EB5 /* Debug */ = {
			isa = XCBuildConfiguration;
			buildSettings = {
				ALWAYS_SEARCH_USER_PATHS = NO;
				CLANG_CXX_LANGUAGE_STANDARD = "gnu++0x";
				CLANG_CXX_LIBRARY = "libc++";
				CLANG_WARN_CONSTANT_CONVERSION = YES;
				CLANG_WARN_EMPTY_BODY = YES;
				CLANG_WARN_ENUM_CONVERSION = YES;
				CLANG_WARN_INT_CONVERSION = YES;
				CLANG_WARN__DUPLICATE_METHOD_MATCH = YES;
				"CODE_SIGN_IDENTITY[sdk=iphoneos*]" = "iPhone Developer";
				COPY_PHASE_STRIP = NO;
				GCC_C_LANGUAGE_STANDARD = gnu99;
				GCC_DYNAMIC_NO_PIC = NO;
				GCC_OPTIMIZATION_LEVEL = 0;
				GCC_PREPROCESSOR_DEFINITIONS = (
					"DEBUG=1",
					"$(inherited)",
				);
				GCC_SYMBOLS_PRIVATE_EXTERN = NO;
				GCC_WARN_ABOUT_RETURN_TYPE = YES;
				GCC_WARN_UNINITIALIZED_AUTOS = YES;
				GCC_WARN_UNUSED_VARIABLE = YES;
				IPHONEOS_DEPLOYMENT_TARGET = 4.3;
				ONLY_ACTIVE_ARCH = YES;
				SDKROOT = iphoneos;
				VALID_ARCHS = armv7;
			};
			name = Debug;
		};
		794F0EDB1744692700035EB5 /* Release */ = {
			isa = XCBuildConfiguration;
			buildSettings = {
				ALWAYS_SEARCH_USER_PATHS = NO;
				CLANG_CXX_LANGUAGE_STANDARD = "gnu++0x";
				CLANG_CXX_LIBRARY = "libc++";
				CLANG_WARN_CONSTANT_CONVERSION = YES;
				CLANG_WARN_EMPTY_BODY = YES;
				CLANG_WARN_ENUM_CONVERSION = YES;
				CLANG_WARN_INT_CONVERSION = YES;
				CLANG_WARN__DUPLICATE_METHOD_MATCH = YES;
				"CODE_SIGN_IDENTITY[sdk=iphoneos*]" = "iPhone Developer";
				COPY_PHASE_STRIP = YES;
				GCC_C_LANGUAGE_STANDARD = gnu99;
				GCC_WARN_ABOUT_RETURN_TYPE = YES;
				GCC_WARN_UNINITIALIZED_AUTOS = YES;
				GCC_WARN_UNUSED_VARIABLE = YES;
				IPHONEOS_DEPLOYMENT_TARGET = 4.3;
				OTHER_CFLAGS = "-DNS_BLOCK_ASSERTIONS=1";
				SDKROOT = iphoneos;
				VALIDATE_PRODUCT = YES;
				VALID_ARCHS = armv7;
			};
			name = Release;
		};
		794F0EDD1744692700035EB5 /* Debug */ = {
			isa = XCBuildConfiguration;
			buildSettings = {
				GCC_PRECOMPILE_PREFIX_HEADER = YES;
				GCC_PREFIX_HEADER = "ToyFinder/ToyFinder-Prefix.pch";
				INFOPLIST_FILE = "ToyFinder/ToyFinder-Info.plist";
				LIBRARY_SEARCH_PATHS = (
					"$(inherited)",
					"\"$(SRCROOT)/ToyFinder/AliSDK\"",
				);
				PRODUCT_NAME = "$(TARGET_NAME)";
				WRAPPER_EXTENSION = app;
			};
			name = Debug;
		};
		794F0EDE1744692700035EB5 /* Release */ = {
			isa = XCBuildConfiguration;
			buildSettings = {
				GCC_PRECOMPILE_PREFIX_HEADER = YES;
				GCC_PREFIX_HEADER = "ToyFinder/ToyFinder-Prefix.pch";
				INFOPLIST_FILE = "ToyFinder/ToyFinder-Info.plist";
				LIBRARY_SEARCH_PATHS = (
					"$(inherited)",
					"\"$(SRCROOT)/ToyFinder/AliSDK\"",
				);
				PRODUCT_NAME = "$(TARGET_NAME)";
				WRAPPER_EXTENSION = app;
			};
			name = Release;
		};
/* End XCBuildConfiguration section */

/* Begin XCConfigurationList section */
		794F0EBA1744692700035EB5 /* Build configuration list for PBXProject "ToyFinder" */ = {
			isa = XCConfigurationList;
			buildConfigurations = (
				794F0EDA1744692700035EB5 /* Debug */,
				794F0EDB1744692700035EB5 /* Release */,
			);
			defaultConfigurationIsVisible = 0;
			defaultConfigurationName = Release;
		};
		794F0EDC1744692700035EB5 /* Build configuration list for PBXNativeTarget "ToyFinder" */ = {
			isa = XCConfigurationList;
			buildConfigurations = (
				794F0EDD1744692700035EB5 /* Debug */,
				794F0EDE1744692700035EB5 /* Release */,
			);
			defaultConfigurationIsVisible = 0;
			defaultConfigurationName = Release;
		};
/* End XCConfigurationList section */
	};
	rootObject = 794F0EB71744692700035EB5 /* Project object */;
}
